
Microsoft Visual Studio Solution File, Format Version 12.00
# Visual Studio 14
VisualStudioVersion = 14.0.25123.0
MinimumVisualStudioVersion = 10.0.40219.1
Project("{FAE04EC0-301F-11D3-BF4B-00C04F79EFBC}") = "CheckWork", "CheckWork\CheckWork.csproj", "{6A9C72B7-5F68-470C-B3F5-734E45168730}"
EndProject
Project("{54435603-DBB4-11D2-8724-00A0C9A8B90C}") = "CheckWorkSetup", "..\CheckWorkSetup\CheckWorkSetup\CheckWorkSetup.vdproj", "{5439D9F7-AA58-4DDC-AD07-F1C9033E85D6}"
EndProject
Global
	GlobalSection(SolutionConfigurationPlatforms) = preSolution
		Debug|Any CPU = Debug|Any CPU
		Release|Any CPU = Release|Any CPU
	EndGlobalSection
	GlobalSection(ProjectConfigurationPlatforms) = postSolution
		{6A9C72B7-5F68-470C-B3F5-734E45168730}.Debug|Any CPU.ActiveCfg = Debug|Any CPU
		{6A9C72B7-5F68-470C-B3F5-734E45168730}.Debug|Any CPU.Build.0 = Debug|Any CPU
		{6A9C72B7-5F68-470C-B3F5-734E45168730}.Release|Any CPU.ActiveCfg = Release|Any CPU
		{6A9C72B7-5F68-470C-B3F5-734E45168730}.Release|Any CPU.Build.0 = Release|Any CPU
		{5439D9F7-AA58-4DDC-AD07-F1C9033E85D6}.Debug|Any CPU.ActiveCfg = Debug
		{5439D9F7-AA58-4DDC-AD07-F1C9033E85D6}.Debug|Any CPU.Build.0 = Debug
		{5439D9F7-AA58-4DDC-AD07-F1C9033E85D6}.Release|Any CPU.ActiveCfg = Release
		{5439D9F7-AA58-4DDC-AD07-F1C9033E85D6}.Release|Any CPU.Build.0 = Release
	EndGlobalSection
	GlobalSection(SolutionProperties) = preSolution
		HideSolutionNode = FALSE
	EndGlobalSection
	GlobalSection(SolutionConfigurationPlatforms) = preSolution
		Debug|Any CPU = Debug|Any CPU
		Release|Any CPU = Release|Any CPU
	EndGlobalSection
EndGlobal
